// !$*UTF8*$!
{
	archiveVersion = 1;
	classes = {
	};
	objectVersion = 50;
	objects = {

/* Begin PBXBuildFile section */
		EC3C1648218D16D400620097 /* AppDelegate.swift in Sources */ = {isa = PBXBuildFile; fileRef = EC3C1647218D16D400620097 /* AppDelegate.swift */; };
		EC3C164A218D16D400620097 /* ViewController.swift in Sources */ = {isa = PBXBuildFile; fileRef = EC3C1649218D16D400620097 /* ViewController.swift */; };
		EC3C164D218D16D400620097 /* Main.storyboard in Resources */ = {isa = PBXBuildFile; fileRef = EC3C164B218D16D400620097 /* Main.storyboard */; };
		EC3C164F218D16D600620097 /* Assets.xcassets in Resources */ = {isa = PBXBuildFile; fileRef = EC3C164E218D16D600620097 /* Assets.xcassets */; };
		EC3C1652218D16D600620097 /* LaunchScreen.storyboard in Resources */ = {isa = PBXBuildFile; fileRef = EC3C1650218D16D600620097 /* LaunchScreen.storyboard */; };
		EC3C1680218D7E4800620097 /* tarts.jpg in Resources */ = {isa = PBXBuildFile; fileRef = EC3C167F218D7E4800620097 /* tarts.jpg */; };
		EC3C1682218D975900620097 /* KeyHolder.swift in Sources */ = {isa = PBXBuildFile; fileRef = EC3C1681218D975900620097 /* KeyHolder.swift */; };
		EC3C1684218DCE3900620097 /* cheerios.jpg in Resources */ = {isa = PBXBuildFile; fileRef = EC3C1683218DCE3900620097 /* cheerios.jpg */; };
		EC3C1686218DCED700620097 /* shrek.JPG in Resources */ = {isa = PBXBuildFile; fileRef = EC3C1685218DCED700620097 /* shrek.JPG */; };
		EC3C1688218DE1E000620097 /* UIimageRec.swift in Sources */ = {isa = PBXBuildFile; fileRef = EC3C1687218DE1E000620097 /* UIimageRec.swift */; };
		EC3C168A218E132E00620097 /* UIStuff.swift in Sources */ = {isa = PBXBuildFile; fileRef = EC3C1689218E132E00620097 /* UIStuff.swift */; };
/* End PBXBuildFile section */

/* Begin PBXFileReference section */
		EC3C1644218D16D400620097 /* Test.app */ = {isa = PBXFileReference; explicitFileType = wrapper.application; includeInIndex = 0; path = Test.app; sourceTree = BUILT_PRODUCTS_DIR; };
		EC3C1647218D16D400620097 /* AppDelegate.swift */ = {isa = PBXFileReference; lastKnownFileType = sourcecode.swift; path = AppDelegate.swift; sourceTree = "<group>"; };
		EC3C1649218D16D400620097 /* ViewController.swift */ = {isa = PBXFileReference; lastKnownFileType = sourcecode.swift; path = ViewController.swift; sourceTree = "<group>"; };
		EC3C164C218D16D400620097 /* Base */ = {isa = PBXFileReference; lastKnownFileType = file.storyboard; name = Base; path = Base.lproj/Main.storyboard; sourceTree = "<group>"; };
		EC3C164E218D16D600620097 /* Assets.xcassets */ = {isa = PBXFileReference; lastKnownFileType = folder.assetcatalog; path = Assets.xcassets; sourceTree = "<group>"; };
		EC3C1651218D16D600620097 /* Base */ = {isa = PBXFileReference; lastKnownFileType = file.storyboard; name = Base; path = Base.lproj/LaunchScreen.storyboard; sourceTree = "<group>"; };
		EC3C1653218D16D600620097 /* Info.plist */ = {isa = PBXFileReference; lastKnownFileType = text.plist.xml; path = Info.plist; sourceTree = "<group>"; };
		EC3C167F218D7E4800620097 /* tarts.jpg */ = {isa = PBXFileReference; lastKnownFileType = image.jpeg; path = tarts.jpg; sourceTree = "<group>"; };
		EC3C1681218D975900620097 /* KeyHolder.swift */ = {isa = PBXFileReference; lastKnownFileType = sourcecode.swift; path = KeyHolder.swift; sourceTree = "<group>"; };
		EC3C1683218DCE3900620097 /* cheerios.jpg */ = {isa = PBXFileReference; lastKnownFileType = image.jpeg; path = cheerios.jpg; sourceTree = "<group>"; };
		EC3C1685218DCED700620097 /* shrek.JPG */ = {isa = PBXFileReference; lastKnownFileType = image.jpeg; path = shrek.JPG; sourceTree = "<group>"; };
		EC3C1687218DE1E000620097 /* UIimageRec.swift */ = {isa = PBXFileReference; lastKnownFileType = sourcecode.swift; path = UIimageRec.swift; sourceTree = "<group>"; };
		EC3C1689218E132E00620097 /* UIStuff.swift */ = {isa = PBXFileReference; lastKnownFileType = sourcecode.swift; path = UIStuff.swift; sourceTree = "<group>"; };
/* End PBXFileReference section */

/* Begin PBXFrameworksBuildPhase section */
		EC3C1641218D16D400620097 /* Frameworks */ = {
			isa = PBXFrameworksBuildPhase;
			buildActionMask = 2147483647;
			files = (
			);
			runOnlyForDeploymentPostprocessing = 0;
		};
/* End PBXFrameworksBuildPhase section */

/* Begin PBXGroup section */
		EC3C163B218D16D400620097 = {
			isa = PBXGroup;
			children = (
				EC3C1646218D16D400620097 /* Test */,
				EC3C1645218D16D400620097 /* Products */,
			);
			sourceTree = "<group>";
		};
		EC3C1645218D16D400620097 /* Products */ = {
			isa = PBXGroup;
			children = (
				EC3C1644218D16D400620097 /* Test.app */,
			);
			name = Products;
			sourceTree = "<group>";
		};
		EC3C1646218D16D400620097 /* Test */ = {
			isa = PBXGroup;
			children = (
				EC3C1685218DCED700620097 /* shrek.JPG */,
				EC3C1683218DCE3900620097 /* cheerios.jpg */,
				EC3C167F218D7E4800620097 /* tarts.jpg */,
				EC3C1647218D16D400620097 /* AppDelegate.swift */,
				EC3C1649218D16D400620097 /* ViewController.swift */,
				EC3C1689218E132E00620097 /* UIStuff.swift */,
				EC3C164B218D16D400620097 /* Main.storyboard */,
				EC3C164E218D16D600620097 /* Assets.xcassets */,
				EC3C1650218D16D600620097 /* LaunchScreen.storyboard */,
				EC3C1653218D16D600620097 /* Info.plist */,
				EC3C1681218D975900620097 /* KeyHolder.swift */,
				EC3C1687218DE1E000620097 /* UIimageRec.swift */,
			);
			path = Test;
			sourceTree = "<group>";
		};
/* End PBXGroup section */

/* Begin PBXNativeTarget section */
		EC3C1643218D16D400620097 /* Test */ = {
			isa = PBXNativeTarget;
			buildConfigurationList = EC3C1656218D16D600620097 /* Build configuration list for PBXNativeTarget "Test" */;
			buildPhases = (
				EC3C1640218D16D400620097 /* Sources */,
				EC3C1641218D16D400620097 /* Frameworks */,
				EC3C1642218D16D400620097 /* Resources */,
			);
			buildRules = (
			);
			dependencies = (
			);
			name = Test;
			productName = Test;
			productReference = EC3C1644218D16D400620097 /* Test.app */;
			productType = "com.apple.product-type.application";
		};
/* End PBXNativeTarget section */

/* Begin PBXProject section */
		EC3C163C218D16D400620097 /* Project object */ = {
			isa = PBXProject;
			attributes = {
				LastSwiftUpdateCheck = 1010;
				LastUpgradeCheck = 1010;
				ORGANIZATIONNAME = "Lucca Paletta";
				TargetAttributes = {
					EC3C1643218D16D400620097 = {
						CreatedOnToolsVersion = 10.1;
					};
				};
			};
			buildConfigurationList = EC3C163F218D16D400620097 /* Build configuration list for PBXProject "Test" */;
			compatibilityVersion = "Xcode 9.3";
			developmentRegion = en;
			hasScannedForEncodings = 0;
			knownRegions = (
				en,
				Base,
			);
			mainGroup = EC3C163B218D16D400620097;
			productRefGroup = EC3C1645218D16D400620097 /* Products */;
			projectDirPath = "";
			projectRoot = "";
			targets = (
				EC3C1643218D16D400620097 /* Test */,
			);
		};
/* End PBXProject section */

/* Begin PBXResourcesBuildPhase section */
		EC3C1642218D16D400620097 /* Resources */ = {
			isa = PBXResourcesBuildPhase;
			buildActionMask = 2147483647;
			files = (
				EC3C1652218D16D600620097 /* LaunchScreen.storyboard in Resources */,
				EC3C164F218D16D600620097 /* Assets.xcassets in Resources */,
				EC3C164D218D16D400620097 /* Main.storyboard in Resources */,
				EC3C1680218D7E4800620097 /* tarts.jpg in Resources */,
				EC3C1686218DCED700620097 /* shrek.JPG in Resources */,
				EC3C1684218DCE3900620097 /* cheerios.jpg in Resources */,
			);
			runOnlyForDeploymentPostprocessing = 0;
		};
/* End PBXResourcesBuildPhase section */

/* Begin PBXSourcesBuildPhase section */
		EC3C1640218D16D400620097 /* Sources */ = {
			isa = PBXSourcesBuildPhase;
			buildActionMask = 2147483647;
			files = (
				EC3C164A218D16D400620097 /* ViewController.swift in Sources */,
				EC3C168A218E132E00620097 /* UIStuff.swift in Sources */,
				EC3C1688218DE1E000620097 /* UIimageRec.swift in Sources */,
				EC3C1682218D975900620097 /* KeyHolder.swift in Sources */,
				EC3C1648218D16D400620097 /* AppDelegate.swift in Sources */,
			);
			runOnlyForDeploymentPostprocessing = 0;
		};
/* End PBXSourcesBuildPhase section */

/* Begin PBXVariantGroup section */
		EC3C164B218D16D400620097 /* Main.storyboard */ = {
			isa = PBXVariantGroup;
			children = (
				EC3C164C218D16D400620097 /* Base */,
			);
			name = Main.storyboard;
			sourceTree = "<group>";
		};
		EC3C1650218D16D600620097 /* LaunchScreen.storyboard */ = {
			isa = PBXVariantGroup;
			children = (
				EC3C1651218D16D600620097 /* Base */,
			);
			name = LaunchScreen.storyboard;
			sourceTree = "<group>";
		};
/* End PBXVariantGroup section */

/* Begin XCBuildConfiguration section */
		EC3C1654218D16D600620097 /* Debug */ = {
			isa = XCBuildConfiguration;
			buildSettings = {
				ALWAYS_SEARCH_USER_PATHS = NO;
				CLANG_ANALYZER_NONNULL = YES;
				CLANG_ANALYZER_NUMBER_OBJECT_CONVERSION = YES_AGGRESSIVE;
				CLANG_CXX_LANGUAGE_STANDARD = "gnu++14";
				CLANG_CXX_LIBRARY = "libc++";
				CLANG_ENABLE_MODULES = YES;
				CLANG_ENABLE_OBJC_ARC = YES;
				CLANG_ENABLE_OBJC_WEAK = YES;
				CLANG_WARN_BLOCK_CAPTURE_AUTORELEASING = YES;
				CLANG_WARN_BOOL_CONVERSION = YES;
				CLANG_WARN_COMMA = YES;
				CLANG_WARN_CONSTANT_CONVERSION = YES;
				CLANG_WARN_DEPRECATED_OBJC_IMPLEMENTATIONS = YES;
				CLANG_WARN_DIRECT_OBJC_ISA_USAGE = YES_ERROR;
				CLANG_WARN_DOCUMENTATION_COMMENTS = YES;
				CLANG_WARN_EMPTY_BODY = YES;
				CLANG_WARN_ENUM_CONVERSION = YES;
				CLANG_WARN_INFINITE_RECURSION = YES;
				CLANG_WARN_INT_CONVERSION = YES;
				CLANG_WARN_NON_LITERAL_NULL_CONVERSION = YES;
				CLANG_WARN_OBJC_IMPLICIT_RETAIN_SELF = YES;
				CLANG_WARN_OBJC_LITERAL_CONVERSION = YES;
				CLANG_WARN_OBJC_ROOT_CLASS = YES_ERROR;
				CLANG_WARN_RANGE_LOOP_ANALYSIS = YES;
				CLANG_WARN_STRICT_PROTOTYPES = YES;
				CLANG_WARN_SUSPICIOUS_MOVE = YES;
				CLANG_WARN_UNGUARDED_AVAILABILITY = YES_AGGRESSIVE;
				CLANG_WARN_UNREACHABLE_CODE = YES;
				CLANG_WARN__DUPLICATE_METHOD_MATCH = YES;
				CODE_SIGN_IDENTITY = "iPhone Developer";
				COPY_PHASE_STRIP = NO;
				DEBUG_INFORMATION_FORMAT = dwarf;
				ENABLE_STRICT_OBJC_MSGSEND = YES;
				ENABLE_TESTABILITY = YES;
				GCC_C_LANGUAGE_STANDARD = gnu11;
				GCC_DYNAMIC_NO_PIC = NO;
				GCC_NO_COMMON_BLOCKS = YES;
				GCC_OPTIMIZATION_LEVEL = 0;
				GCC_PREPROCESSOR_DEFINITIONS = (
					"DEBUG=1",
					"$(inherited)",
				);
				GCC_WARN_64_TO_32_BIT_CONVERSION = YES;
				GCC_WARN_ABOUT_RETURN_TYPE = YES_ERROR;
				GCC_WARN_UNDECLARED_SELECTOR = YES;
				GCC_WARN_UNINITIALIZED_AUTOS = YES_AGGRESSIVE;
				GCC_WARN_UNUSED_FUNCTION = YES;
				GCC_WARN_UNUSED_VARIABLE = YES;
				IPHONEOS_DEPLOYMENT_TARGET = 12.1;
				MTL_ENABLE_DEBUG_INFO = INCLUDE_SOURCE;
				MTL_FAST_MATH = YES;
				ONLY_ACTIVE_ARCH = YES;
				SDKROOT = iphoneos;
				SWIFT_ACTIVE_COMPILATION_CONDITIONS = DEBUG;
				SWIFT_OPTIMIZATION_LEVEL = "-Onone";
			};
			name = Debug;
		};
		EC3C1655218D16D600620097 /* Release */ = {
			isa = XCBuildConfiguration;
			buildSettings = {
				ALWAYS_SEARCH_USER_PATHS = NO;
				CLANG_ANALYZER_NONNULL = YES;
				CLANG_ANALYZER_NUMBER_OBJECT_CONVERSION = YES_AGGRESSIVE;
				CLANG_CXX_LANGUAGE_STANDARD = "gnu++14";
				CLANG_CXX_LIBRARY = "libc++";
				CLANG_ENABLE_MODULES = YES;
				CLANG_ENABLE_OBJC_ARC = YES;
				CLANG_ENABLE_OBJC_WEAK = YES;
				CLANG_WARN_BLOCK_CAPTURE_AUTORELEASING = YES;
				CLANG_WARN_BOOL_CONVERSION = YES;
				CLANG_WARN_COMMA = YES;
				CLANG_WARN_CONSTANT_CONVERSION = YES;
				CLANG_WARN_DEPRECATED_OBJC_IMPLEMENTATIONS = YES;
				CLANG_WARN_DIRECT_OBJC_ISA_USAGE = YES_ERROR;
				CLANG_WARN_DOCUMENTATION_COMMENTS = YES;
				CLANG_WARN_EMPTY_BODY = YES;
				CLANG_WARN_ENUM_CONVERSION = YES;
				CLANG_WARN_INFINITE_RECURSION = YES;
				CLANG_WARN_INT_CONVERSION = YES;
				CLANG_WARN_NON_LITERAL_NULL_CONVERSION = YES;
				CLANG_WARN_OBJC_IMPLICIT_RETAIN_SELF = YES;
				CLANG_WARN_OBJC_LITERAL_CONVERSION = YES;
				CLANG_WARN_OBJC_ROOT_CLASS = YES_ERROR;
				CLANG_WARN_RANGE_LOOP_ANALYSIS = YES;
				CLANG_WARN_STRICT_PROTOTYPES = YES;
				CLANG_WARN_SUSPICIOUS_MOVE = YES;
				CLANG_WARN_UNGUARDED_AVAILABILITY = YES_AGGRESSIVE;
				CLANG_WARN_UNREACHABLE_CODE = YES;
				CLANG_WARN__DUPLICATE_METHOD_MATCH = YES;
				CODE_SIGN_IDENTITY = "iPhone Developer";
				COPY_PHASE_STRIP = NO;
				DEBUG_INFORMATION_FORMAT = "dwarf-with-dsym";
				ENABLE_NS_ASSERTIONS = NO;
				ENABLE_STRICT_OBJC_MSGSEND = YES;
				GCC_C_LANGUAGE_STANDARD = gnu11;
				GCC_NO_COMMON_BLOCKS = YES;
				GCC_WARN_64_TO_32_BIT_CONVERSION = YES;
				GCC_WARN_ABOUT_RETURN_TYPE = YES_ERROR;
				GCC_WARN_UNDECLARED_SELECTOR = YES;
				GCC_WARN_UNINITIALIZED_AUTOS = YES_AGGRESSIVE;
				GCC_WARN_UNUSED_FUNCTION = YES;
				GCC_WARN_UNUSED_VARIABLE = YES;
				IPHONEOS_DEPLOYMENT_TARGET = 12.1;
				MTL_ENABLE_DEBUG_INFO = NO;
				MTL_FAST_MATH = YES;
				SDKROOT = iphoneos;
				SWIFT_COMPILATION_MODE = wholemodule;
				SWIFT_OPTIMIZATION_LEVEL = "-O";
				VALIDATE_PRODUCT = YES;
			};
			name = Release;
		};
		EC3C1657218D16D600620097 /* Debug */ = {
			isa = XCBuildConfiguration;
			buildSettings = {
				ASSETCATALOG_COMPILER_APPICON_NAME = AppIcon;
				CODE_SIGN_STYLE = Automatic;
				DEVELOPMENT_TEAM = 5NWL2LNYT4;
				INFOPLIST_FILE = Test/Info.plist;
				LD_RUNPATH_SEARCH_PATHS = (
					"$(inherited)",
					"@executable_path/Frameworks",
				);
				PRODUCT_BUNDLE_IDENTIFIER = jolupa.Test;
				PRODUCT_NAME = "$(TARGET_NAME)";
				SWIFT_VERSION = 4.2;
				TARGETED_DEVICE_FAMILY = "1,2";
			};
			name = Debug;
		};
		EC3C1658218D16D600620097 /* Release */ = {
			isa = XCBuildConfiguration;
			buildSettings = {
				ASSETCATALOG_COMPILER_APPICON_NAME = AppIcon;
				CODE_SIGN_STYLE = Automatic;
				DEVELOPMENT_TEAM = 5NWL2LNYT4;
				INFOPLIST_FILE = Test/Info.plist;
				LD_RUNPATH_SEARCH_PATHS = (
					"$(inherited)",
					"@executable_path/Frameworks",
				);
				PRODUCT_BUNDLE_IDENTIFIER = jolupa.Test;
				PRODUCT_NAME = "$(TARGET_NAME)";
				SWIFT_VERSION = 4.2;
				TARGETED_DEVICE_FAMILY = "1,2";
			};
			name = Release;
		};
/* End XCBuildConfiguration section */

/* Begin XCConfigurationList section */
		EC3C163F218D16D400620097 /* Build configuration list for PBXProject "Test" */ = {
			isa = XCConfigurationList;
			buildConfigurations = (
				EC3C1654218D16D600620097 /* Debug */,
				EC3C1655218D16D600620097 /* Release */,
			);
			defaultConfigurationIsVisible = 0;
			defaultConfigurationName = Release;
		};
		EC3C1656218D16D600620097 /* Build configuration list for PBXNativeTarget "Test" */ = {
			isa = XCConfigurationList;
			buildConfigurations = (
				EC3C1657218D16D600620097 /* Debug */,
				EC3C1658218D16D600620097 /* Release */,
			);
			defaultConfigurationIsVisible = 0;
			defaultConfigurationName = Release;
		};
/* End XCConfigurationList section */
	};
	rootObject = EC3C163C218D16D400620097 /* Project object */;
}
